
Microsoft Visual Studio Solution File, Format Version 12.00
# Visual Studio Version 17
VisualStudioVersion = 17.3.32922.545
MinimumVisualStudioVersion = 10.0.40219.1
Project("{FAE04EC0-301F-11D3-BF4B-00C04F79EFBC}") = "CadastroPessoa", "CadastroPessoa.csproj", "{DEFD9636-108E-4059-A704-CD14A96A7DE2}"
EndProject
Global
	GlobalSection(SolutionConfigurationPlatforms) = preSolution
		Debug|Any CPU = Debug|Any CPU
		Release|Any CPU = Release|Any CPU
	EndGlobalSection
	GlobalSection(ProjectConfigurationPlatforms) = postSolution
		{DEFD9636-108E-4059-A704-CD14A96A7DE2}.Debug|Any CPU.ActiveCfg = Debug|Any CPU
		{DEFD9636-108E-4059-A704-CD14A96A7DE2}.Debug|Any CPU.Build.0 = Debug|Any CPU
		{DEFD9636-108E-4059-A704-CD14A96A7DE2}.Release|Any CPU.ActiveCfg = Release|Any CPU
		{DEFD9636-108E-4059-A704-CD14A96A7DE2}.Release|Any CPU.Build.0 = Release|Any CPU
	EndGlobalSection
	GlobalSection(SolutionProperties) = preSolution
		HideSolutionNode = FALSE
	EndGlobalSection
	GlobalSection(ExtensibilityGlobals) = postSolution
		SolutionGuid = {6942EB17-A093-415E-A0AD-74F1A997A468}
	EndGlobalSection
EndGlobal
